<?xml version="1.0" encoding="utf-8"?>
<Project ToolsVersion="4.0" xmlns="http://schemas.microsoft.com/developer/msbuild/2003">
  <ItemGroup>
    <Filter Include="Source Files">
      <UniqueIdentifier>{2252ded7-05b5-41d9-a32b-e402bce22137}</UniqueIdentifier>
    </Filter>
    <Filter Include="Generated Files">
      <UniqueIdentifier>{744acdf7-089f-4ba9-91ee-ef9fdb69e855}</UniqueIdentifier>
      <SourceControlFiles>False</SourceControlFiles>
    </Filter>
  </ItemGroup>
  <ItemGroup>
    <None Include="TsComps.def" />
  </ItemGroup>
  <ItemGroup>
    <ClCompile Include="TsCom_i.c">
      <Filter>Generated Files</Filter>
    </ClCompile>
    <ClCompile Include="TsCom_p.c">
      <Filter>Generated Files</Filter>
    </ClCompile>
    <ClCompile Include="dlldata.c">
      <Filter>Generated Files</Filter>
    </ClCompile>
  </ItemGroup>
</Project>